
Microsoft Visual Studio Solution File, Format Version 12.00
# Visual Studio 15
VisualStudioVersion = 15.0.28010.2019
MinimumVisualStudioVersion = 10.0.40219.1
Project("{FAE04EC0-301F-11D3-BF4B-00C04F79EFBC}") = "Arbetsprov", "Arbetsprov\Arbetsprov.csproj", "{6EA924DC-D62D-4476-B5FE-4553A708459A}"
EndProject
Global
	GlobalSection(SolutionConfigurationPlatforms) = preSolution
		Debug|Any CPU = Debug|Any CPU
		Release|Any CPU = Release|Any CPU
	EndGlobalSection
	GlobalSection(ProjectConfigurationPlatforms) = postSolution
		{6EA924DC-D62D-4476-B5FE-4553A708459A}.Debug|Any CPU.ActiveCfg = Debug|Any CPU
		{6EA924DC-D62D-4476-B5FE-4553A708459A}.Debug|Any CPU.Build.0 = Debug|Any CPU
		{6EA924DC-D62D-4476-B5FE-4553A708459A}.Release|Any CPU.ActiveCfg = Release|Any CPU
		{6EA924DC-D62D-4476-B5FE-4553A708459A}.Release|Any CPU.Build.0 = Release|Any CPU
	EndGlobalSection
	GlobalSection(SolutionProperties) = preSolution
		HideSolutionNode = FALSE
	EndGlobalSection
	GlobalSection(ExtensibilityGlobals) = postSolution
		SolutionGuid = {5514B02A-DA00-4E64-9A15-A061AA6405B2}
	EndGlobalSection
EndGlobal
